
Microsoft Visual Studio Solution File, Format Version 12.00
# Visual Studio Version 16
VisualStudioVersion = 16.0.29609.76
MinimumVisualStudioVersion = 10.0.40219.1
Project("{8BC9CEB8-8B4A-11D0-8D11-00A0C91BC942}") = "SpartanVector", "SpartanVector.vcxproj", "{7DCA1C02-FA17-43E4-8004-94E3017930EA}"
EndProject
Global
	GlobalSection(SolutionConfigurationPlatforms) = preSolution
		Debug|x64 = Debug|x64
		Debug|x86 = Debug|x86
		Release|x64 = Release|x64
		Release|x86 = Release|x86
	EndGlobalSection
	GlobalSection(ProjectConfigurationPlatforms) = postSolution
		{7DCA1C02-FA17-43E4-8004-94E3017930EA}.Debug|x64.ActiveCfg = Debug|x64
		{7DCA1C02-FA17-43E4-8004-94E3017930EA}.Debug|x64.Build.0 = Debug|x64
		{7DCA1C02-FA17-43E4-8004-94E3017930EA}.Debug|x86.ActiveCfg = Debug|Win32
		{7DCA1C02-FA17-43E4-8004-94E3017930EA}.Debug|x86.Build.0 = Debug|Win32
		{7DCA1C02-FA17-43E4-8004-94E3017930EA}.Release|x64.ActiveCfg = Release|x64
		{7DCA1C02-FA17-43E4-8004-94E3017930EA}.Release|x64.Build.0 = Release|x64
		{7DCA1C02-FA17-43E4-8004-94E3017930EA}.Release|x86.ActiveCfg = Release|Win32
		{7DCA1C02-FA17-43E4-8004-94E3017930EA}.Release|x86.Build.0 = Release|Win32
	EndGlobalSection
	GlobalSection(SolutionProperties) = preSolution
		HideSolutionNode = FALSE
	EndGlobalSection
	GlobalSection(ExtensibilityGlobals) = postSolution
		SolutionGuid = {6FA32D41-346A-44C6-B2BF-C2305EEA4F99}
	EndGlobalSection
EndGlobal
